
Microsoft Visual Studio Solution File, Format Version 12.00
# Visual Studio Version 17
VisualStudioVersion = 17.11.35303.130
MinimumVisualStudioVersion = 10.0.40219.1
Project("{9A19103F-16F7-4668-BE54-9A1E7A4F7556}") = "Tyuiu.OsadetsAA.Sprint1", "Tyuiu.OsadetsAA.Sprint1\Tyuiu.OsadetsAA.Sprint1.csproj", "{C2EDB54D-8F46-4210-B6A0-0004C8354877}"
EndProject
Project("{2150E333-8FDC-42A3-9474-1A3956D46DE8}") = "Task0", "Task0", "{722B5753-6417-477F-B643-FA987E9B936B}"
EndProject
Project("{9A19103F-16F7-4668-BE54-9A1E7A4F7556}") = "Tyuiu.OsadetsAA.Sprint1.Task0.V19", "Tyuiu.OsadetsAA.Sprint1.Task0.V19\Tyuiu.OsadetsAA.Sprint1.Task0.V19.csproj", "{97D9FFD1-1ED9-439C-887A-6CDD647F1A37}"
EndProject
Project("{9A19103F-16F7-4668-BE54-9A1E7A4F7556}") = "Tyuiu.OsadetsAA.Sprint1.Task0.V19.Lib", "Tyuiu.OsadetsAA.Sprint1.Task0.V19.Lib\Tyuiu.OsadetsAA.Sprint1.Task0.V19.Lib.csproj", "{E7AA37EC-20C2-4142-97CE-58451B654687}"
EndProject
Project("{9A19103F-16F7-4668-BE54-9A1E7A4F7556}") = "Tyuiu.OsadetsAA.Sprint1.Task0.V19.Test", "Tyuiu.OsadetsAA.Sprint1.Task0.V19.Test\Tyuiu.OsadetsAA.Sprint1.Task0.V19.Test.csproj", "{04E5BBCA-6121-4B2C-9FD5-718CC9703D99}"
EndProject
Project("{2150E333-8FDC-42A3-9474-1A3956D46DE8}") = "Task1", "Task1", "{19BF75B7-1D28-4339-85D6-90BB651EEFD4}"
EndProject
Project("{9A19103F-16F7-4668-BE54-9A1E7A4F7556}") = "Tyuiu.OsadetsAA.Sprint1.Task1.V25", "Tyuiu.OsadetsAA.Sprint1.Task1.V25\Tyuiu.OsadetsAA.Sprint1.Task1.V25.csproj", "{35ECE919-519A-4D0B-9A48-7524A85A837C}"
EndProject
Project("{9A19103F-16F7-4668-BE54-9A1E7A4F7556}") = "Tyuiu.OsadetsAA.Sprint1.Task1.V25.Lib", "Tyuiu.OsadetsAA.Sprint1.Task1.V25.Lib\Tyuiu.OsadetsAA.Sprint1.Task1.V25.Lib.csproj", "{E0D8FF53-B92C-49F2-A949-48F2FA42D2D7}"
EndProject
Project("{9A19103F-16F7-4668-BE54-9A1E7A4F7556}") = "Tyuiu.OsadetsAA.Sprint1.Task1.V25.Test", "Tyuiu.OsadetsAA.Sprint1.Task1.V25.Test\Tyuiu.OsadetsAA.Sprint1.Task1.V25.Test.csproj", "{914BC62B-BEBE-41AF-90CA-8E1B11E167B2}"
EndProject
Project("{2150E333-8FDC-42A3-9474-1A3956D46DE8}") = "Task2", "Task2", "{1C6CDA68-91CC-4C43-8C37-3DCAE7D49842}"
EndProject
Project("{9A19103F-16F7-4668-BE54-9A1E7A4F7556}") = "Tyuiu.OsadetsAA.Sprint1.Task2.V6", "Tyuiu.OsadetsAA.Sprint1.Task2.V6\Tyuiu.OsadetsAA.Sprint1.Task2.V6.csproj", "{698474A2-2E3B-40F2-8D19-539956CA30E8}"
EndProject
Project("{9A19103F-16F7-4668-BE54-9A1E7A4F7556}") = "Tyuiu.OsadetsAA.Sprint1.Task2.V6.Lib", "Tyuiu.OsadetsAA.Sprint1.Task2.V6.Lib\Tyuiu.OsadetsAA.Sprint1.Task2.V6.Lib.csproj", "{30DDF477-D999-4389-807C-D9C7E811BC53}"
EndProject
Project("{9A19103F-16F7-4668-BE54-9A1E7A4F7556}") = "Tyuiu.OsadetsAA.Sprint1.Task2.V6.Test", "Tyuiu.OsadetsAA.Sprint1.Task2.V6.Test\Tyuiu.OsadetsAA.Sprint1.Task2.V6.Test.csproj", "{CC6B21BB-34DD-4F3C-967F-A912B10A9861}"
EndProject
Project("{2150E333-8FDC-42A3-9474-1A3956D46DE8}") = "Task3", "Task3", "{B8D0F604-3861-4211-BE87-C19D3C870FC0}"
EndProject
Project("{9A19103F-16F7-4668-BE54-9A1E7A4F7556}") = "Tyuiu.OsadetsAA.Sprint1.Task3.V16", "Tyuiu.OsadetsAA.Sprint1.Task3.V16\Tyuiu.OsadetsAA.Sprint1.Task3.V16.csproj", "{D600491A-9C0D-40ED-ADDE-322E99F45340}"
EndProject
Project("{9A19103F-16F7-4668-BE54-9A1E7A4F7556}") = "Tyuiu.OsadetsAA.Sprint1.Task3.V16.Lib", "Tyuiu.OsadetsAA.Sprint1.Task3.V16.Lib\Tyuiu.OsadetsAA.Sprint1.Task3.V16.Lib.csproj", "{3AB08748-9542-477F-9BB3-F3A0E5653F93}"
EndProject
Project("{9A19103F-16F7-4668-BE54-9A1E7A4F7556}") = "Tyuiu.OsadetsAA.Sprint1.Task3.V16.Test", "Tyuiu.OsadetsAA.Sprint1.Task3.V16.Test\Tyuiu.OsadetsAA.Sprint1.Task3.V16.Test.csproj", "{A464C96E-D063-4932-92FF-C07F68EB7EE6}"
EndProject
Project("{2150E333-8FDC-42A3-9474-1A3956D46DE8}") = "Task4", "Task4", "{74FFF71E-E70F-42BA-8E74-1E01521A945F}"
EndProject
Project("{9A19103F-16F7-4668-BE54-9A1E7A4F7556}") = "Tyuiu.OsadetsAA.Sprint1.Task4.V16", "Tyuiu.OsadetsAA.Sprint1.Task4.V16\Tyuiu.OsadetsAA.Sprint1.Task4.V16.csproj", "{AE10141B-B94F-4BBC-AB8E-25E7E3E96D90}"
EndProject
Project("{9A19103F-16F7-4668-BE54-9A1E7A4F7556}") = "Tyuiu.OsadetsAA.Sprint1.Task4.V16.Lib", "Tyuiu.OsadetsAA.Sprint1.Task4.V16.Lib\Tyuiu.OsadetsAA.Sprint1.Task4.V16.Lib.csproj", "{870B3014-7A81-415F-8AD4-44F3C1A648CF}"
EndProject
Project("{9A19103F-16F7-4668-BE54-9A1E7A4F7556}") = "Tyuiu.OsadetsAA.Sprint1.Task4.V16.Test", "Tyuiu.OsadetsAA.Sprint1.Task4.V16.Test\Tyuiu.OsadetsAA.Sprint1.Task4.V16.Test.csproj", "{EA620DFA-3F79-4573-90E3-09F2E157137E}"
EndProject
Project("{2150E333-8FDC-42A3-9474-1A3956D46DE8}") = "Task5", "Task5", "{422E6A4B-5D47-4348-BBC2-BB4FEEEA43B5}"
EndProject
Project("{9A19103F-16F7-4668-BE54-9A1E7A4F7556}") = "Tyuiu.OsadetsAA.Sprint1.Task5.V5", "Tyuiu.OsadetsAA.Sprint1.Task5.V5\Tyuiu.OsadetsAA.Sprint1.Task5.V5.csproj", "{47FCBBCC-255A-4DF9-AF54-F95DDD662BC0}"
EndProject
Project("{9A19103F-16F7-4668-BE54-9A1E7A4F7556}") = "Tyuiu.OsadetsAA.Sprint1.Task5.V5.Lib", "Tyuiu.OsadetsAA.Sprint1.Task5.V5.Lib\Tyuiu.OsadetsAA.Sprint1.Task5.V5.Lib.csproj", "{36C22BA1-1337-4C97-BD9B-F692FAA10BFA}"
EndProject
Project("{9A19103F-16F7-4668-BE54-9A1E7A4F7556}") = "Tyuiu.OsadetsAA.Sprint1.Task5.V5.Test", "Tyuiu.OsadetsAA.Sprint1.Task5.V5.Test\Tyuiu.OsadetsAA.Sprint1.Task5.V5.Test.csproj", "{BEC3CD86-A752-472E-8BB9-5819271A3F11}"
EndProject
Project("{2150E333-8FDC-42A3-9474-1A3956D46DE8}") = "Task6", "Task6", "{BE3F7CC7-D7C2-43C9-962A-012900F8A6E9}"
EndProject
Project("{FAE04EC0-301F-11D3-BF4B-00C04F79EFBC}") = "Tyuiu.OsadetsAA.Sprint1.Task6.V14", "Tyuiu.OsadetsAA.Sprint1.Task6.V14\Tyuiu.OsadetsAA.Sprint1.Task6.V14.csproj", "{C69A660E-588F-402A-A53A-61E39FD52DC1}"
EndProject
Project("{FAE04EC0-301F-11D3-BF4B-00C04F79EFBC}") = "Tyuiu.OsadetsAA.Sprint1.Task6.V14.Lib", "Tyuiu.OsadetsAA.Sprint1.Task6.V14.Lib\Tyuiu.OsadetsAA.Sprint1.Task6.V14.Lib.csproj", "{65CCAFB9-C908-42AE-984D-D5B4A20C0A36}"
EndProject
Project("{FAE04EC0-301F-11D3-BF4B-00C04F79EFBC}") = "Tyuiu.OsadetsAA.Sprint1.Task6.V14.Test", "Tyuiu.OsadetsAA.Sprint1.Task6.V14.Test\Tyuiu.OsadetsAA.Sprint1.Task6.V14.Test.csproj", "{1349B351-E435-422E-8BA2-20E23ECF4B8D}"
EndProject
Global
	GlobalSection(SolutionConfigurationPlatforms) = preSolution
		Debug|Any CPU = Debug|Any CPU
		Release|Any CPU = Release|Any CPU
	EndGlobalSection
	GlobalSection(ProjectConfigurationPlatforms) = postSolution
		{C2EDB54D-8F46-4210-B6A0-0004C8354877}.Debug|Any CPU.ActiveCfg = Debug|Any CPU
		{C2EDB54D-8F46-4210-B6A0-0004C8354877}.Debug|Any CPU.Build.0 = Debug|Any CPU
		{C2EDB54D-8F46-4210-B6A0-0004C8354877}.Release|Any CPU.ActiveCfg = Release|Any CPU
		{C2EDB54D-8F46-4210-B6A0-0004C8354877}.Release|Any CPU.Build.0 = Release|Any CPU
		{97D9FFD1-1ED9-439C-887A-6CDD647F1A37}.Debug|Any CPU.ActiveCfg = Debug|Any CPU
		{97D9FFD1-1ED9-439C-887A-6CDD647F1A37}.Debug|Any CPU.Build.0 = Debug|Any CPU
		{97D9FFD1-1ED9-439C-887A-6CDD647F1A37}.Release|Any CPU.ActiveCfg = Release|Any CPU
		{97D9FFD1-1ED9-439C-887A-6CDD647F1A37}.Release|Any CPU.Build.0 = Release|Any CPU
		{E7AA37EC-20C2-4142-97CE-58451B654687}.Debug|Any CPU.ActiveCfg = Debug|Any CPU
		{E7AA37EC-20C2-4142-97CE-58451B654687}.Debug|Any CPU.Build.0 = Debug|Any CPU
		{E7AA37EC-20C2-4142-97CE-58451B654687}.Release|Any CPU.ActiveCfg = Release|Any CPU
		{E7AA37EC-20C2-4142-97CE-58451B654687}.Release|Any CPU.Build.0 = Release|Any CPU
		{04E5BBCA-6121-4B2C-9FD5-718CC9703D99}.Debug|Any CPU.ActiveCfg = Debug|Any CPU
		{04E5BBCA-6121-4B2C-9FD5-718CC9703D99}.Debug|Any CPU.Build.0 = Debug|Any CPU
		{04E5BBCA-6121-4B2C-9FD5-718CC9703D99}.Release|Any CPU.ActiveCfg = Release|Any CPU
		{04E5BBCA-6121-4B2C-9FD5-718CC9703D99}.Release|Any CPU.Build.0 = Release|Any CPU
		{35ECE919-519A-4D0B-9A48-7524A85A837C}.Debug|Any CPU.ActiveCfg = Debug|Any CPU
		{35ECE919-519A-4D0B-9A48-7524A85A837C}.Debug|Any CPU.Build.0 = Debug|Any CPU
		{35ECE919-519A-4D0B-9A48-7524A85A837C}.Release|Any CPU.ActiveCfg = Release|Any CPU
		{35ECE919-519A-4D0B-9A48-7524A85A837C}.Release|Any CPU.Build.0 = Release|Any CPU
		{E0D8FF53-B92C-49F2-A949-48F2FA42D2D7}.Debug|Any CPU.ActiveCfg = Debug|Any CPU
		{E0D8FF53-B92C-49F2-A949-48F2FA42D2D7}.Debug|Any CPU.Build.0 = Debug|Any CPU
		{E0D8FF53-B92C-49F2-A949-48F2FA42D2D7}.Release|Any CPU.ActiveCfg = Release|Any CPU
		{E0D8FF53-B92C-49F2-A949-48F2FA42D2D7}.Release|Any CPU.Build.0 = Release|Any CPU
		{914BC62B-BEBE-41AF-90CA-8E1B11E167B2}.Debug|Any CPU.ActiveCfg = Debug|Any CPU
		{914BC62B-BEBE-41AF-90CA-8E1B11E167B2}.Debug|Any CPU.Build.0 = Debug|Any CPU
		{914BC62B-BEBE-41AF-90CA-8E1B11E167B2}.Release|Any CPU.ActiveCfg = Release|Any CPU
		{914BC62B-BEBE-41AF-90CA-8E1B11E167B2}.Release|Any CPU.Build.0 = Release|Any CPU
		{698474A2-2E3B-40F2-8D19-539956CA30E8}.Debug|Any CPU.ActiveCfg = Debug|Any CPU
		{698474A2-2E3B-40F2-8D19-539956CA30E8}.Debug|Any CPU.Build.0 = Debug|Any CPU
		{698474A2-2E3B-40F2-8D19-539956CA30E8}.Release|Any CPU.ActiveCfg = Release|Any CPU
		{698474A2-2E3B-40F2-8D19-539956CA30E8}.Release|Any CPU.Build.0 = Release|Any CPU
		{30DDF477-D999-4389-807C-D9C7E811BC53}.Debug|Any CPU.ActiveCfg = Debug|Any CPU
		{30DDF477-D999-4389-807C-D9C7E811BC53}.Debug|Any CPU.Build.0 = Debug|Any CPU
		{30DDF477-D999-4389-807C-D9C7E811BC53}.Release|Any CPU.ActiveCfg = Release|Any CPU
		{30DDF477-D999-4389-807C-D9C7E811BC53}.Release|Any CPU.Build.0 = Release|Any CPU
		{CC6B21BB-34DD-4F3C-967F-A912B10A9861}.Debug|Any CPU.ActiveCfg = Debug|Any CPU
		{CC6B21BB-34DD-4F3C-967F-A912B10A9861}.Debug|Any CPU.Build.0 = Debug|Any CPU
		{CC6B21BB-34DD-4F3C-967F-A912B10A9861}.Release|Any CPU.ActiveCfg = Release|Any CPU
		{CC6B21BB-34DD-4F3C-967F-A912B10A9861}.Release|Any CPU.Build.0 = Release|Any CPU
		{D600491A-9C0D-40ED-ADDE-322E99F45340}.Debug|Any CPU.ActiveCfg = Debug|Any CPU
		{D600491A-9C0D-40ED-ADDE-322E99F45340}.Debug|Any CPU.Build.0 = Debug|Any CPU
		{D600491A-9C0D-40ED-ADDE-322E99F45340}.Release|Any CPU.ActiveCfg = Release|Any CPU
		{D600491A-9C0D-40ED-ADDE-322E99F45340}.Release|Any CPU.Build.0 = Release|Any CPU
		{3AB08748-9542-477F-9BB3-F3A0E5653F93}.Debug|Any CPU.ActiveCfg = Debug|Any CPU
		{3AB08748-9542-477F-9BB3-F3A0E5653F93}.Debug|Any CPU.Build.0 = Debug|Any CPU
		{3AB08748-9542-477F-9BB3-F3A0E5653F93}.Release|Any CPU.ActiveCfg = Release|Any CPU
		{3AB08748-9542-477F-9BB3-F3A0E5653F93}.Release|Any CPU.Build.0 = Release|Any CPU
		{A464C96E-D063-4932-92FF-C07F68EB7EE6}.Debug|Any CPU.ActiveCfg = Debug|Any CPU
		{A464C96E-D063-4932-92FF-C07F68EB7EE6}.Debug|Any CPU.Build.0 = Debug|Any CPU
		{A464C96E-D063-4932-92FF-C07F68EB7EE6}.Release|Any CPU.ActiveCfg = Release|Any CPU
		{A464C96E-D063-4932-92FF-C07F68EB7EE6}.Release|Any CPU.Build.0 = Release|Any CPU
		{AE10141B-B94F-4BBC-AB8E-25E7E3E96D90}.Debug|Any CPU.ActiveCfg = Debug|Any CPU
		{AE10141B-B94F-4BBC-AB8E-25E7E3E96D90}.Debug|Any CPU.Build.0 = Debug|Any CPU
		{AE10141B-B94F-4BBC-AB8E-25E7E3E96D90}.Release|Any CPU.ActiveCfg = Release|Any CPU
		{AE10141B-B94F-4BBC-AB8E-25E7E3E96D90}.Release|Any CPU.Build.0 = Release|Any CPU
		{870B3014-7A81-415F-8AD4-44F3C1A648CF}.Debug|Any CPU.ActiveCfg = Debug|Any CPU
		{870B3014-7A81-415F-8AD4-44F3C1A648CF}.Debug|Any CPU.Build.0 = Debug|Any CPU
		{870B3014-7A81-415F-8AD4-44F3C1A648CF}.Release|Any CPU.ActiveCfg = Release|Any CPU
		{870B3014-7A81-415F-8AD4-44F3C1A648CF}.Release|Any CPU.Build.0 = Release|Any CPU
		{EA620DFA-3F79-4573-90E3-09F2E157137E}.Debug|Any CPU.ActiveCfg = Debug|Any CPU
		{EA620DFA-3F79-4573-90E3-09F2E157137E}.Debug|Any CPU.Build.0 = Debug|Any CPU
		{EA620DFA-3F79-4573-90E3-09F2E157137E}.Release|Any CPU.ActiveCfg = Release|Any CPU
		{EA620DFA-3F79-4573-90E3-09F2E157137E}.Release|Any CPU.Build.0 = Release|Any CPU
		{47FCBBCC-255A-4DF9-AF54-F95DDD662BC0}.Debug|Any CPU.ActiveCfg = Debug|Any CPU
		{47FCBBCC-255A-4DF9-AF54-F95DDD662BC0}.Debug|Any CPU.Build.0 = Debug|Any CPU
		{47FCBBCC-255A-4DF9-AF54-F95DDD662BC0}.Release|Any CPU.ActiveCfg = Release|Any CPU
		{47FCBBCC-255A-4DF9-AF54-F95DDD662BC0}.Release|Any CPU.Build.0 = Release|Any CPU
		{36C22BA1-1337-4C97-BD9B-F692FAA10BFA}.Debug|Any CPU.ActiveCfg = Debug|Any CPU
		{36C22BA1-1337-4C97-BD9B-F692FAA10BFA}.Debug|Any CPU.Build.0 = Debug|Any CPU
		{36C22BA1-1337-4C97-BD9B-F692FAA10BFA}.Release|Any CPU.ActiveCfg = Release|Any CPU
		{36C22BA1-1337-4C97-BD9B-F692FAA10BFA}.Release|Any CPU.Build.0 = Release|Any CPU
		{BEC3CD86-A752-472E-8BB9-5819271A3F11}.Debug|Any CPU.ActiveCfg = Debug|Any CPU
		{BEC3CD86-A752-472E-8BB9-5819271A3F11}.Debug|Any CPU.Build.0 = Debug|Any CPU
		{BEC3CD86-A752-472E-8BB9-5819271A3F11}.Release|Any CPU.ActiveCfg = Release|Any CPU
		{BEC3CD86-A752-472E-8BB9-5819271A3F11}.Release|Any CPU.Build.0 = Release|Any CPU
		{C69A660E-588F-402A-A53A-61E39FD52DC1}.Debug|Any CPU.ActiveCfg = Debug|Any CPU
		{C69A660E-588F-402A-A53A-61E39FD52DC1}.Debug|Any CPU.Build.0 = Debug|Any CPU
		{C69A660E-588F-402A-A53A-61E39FD52DC1}.Release|Any CPU.ActiveCfg = Release|Any CPU
		{C69A660E-588F-402A-A53A-61E39FD52DC1}.Release|Any CPU.Build.0 = Release|Any CPU
		{65CCAFB9-C908-42AE-984D-D5B4A20C0A36}.Debug|Any CPU.ActiveCfg = Debug|Any CPU
		{65CCAFB9-C908-42AE-984D-D5B4A20C0A36}.Debug|Any CPU.Build.0 = Debug|Any CPU
		{65CCAFB9-C908-42AE-984D-D5B4A20C0A36}.Release|Any CPU.ActiveCfg = Release|Any CPU
		{65CCAFB9-C908-42AE-984D-D5B4A20C0A36}.Release|Any CPU.Build.0 = Release|Any CPU
		{1349B351-E435-422E-8BA2-20E23ECF4B8D}.Debug|Any CPU.ActiveCfg = Debug|Any CPU
		{1349B351-E435-422E-8BA2-20E23ECF4B8D}.Debug|Any CPU.Build.0 = Debug|Any CPU
		{1349B351-E435-422E-8BA2-20E23ECF4B8D}.Release|Any CPU.ActiveCfg = Release|Any CPU
		{1349B351-E435-422E-8BA2-20E23ECF4B8D}.Release|Any CPU.Build.0 = Release|Any CPU
	EndGlobalSection
	GlobalSection(SolutionProperties) = preSolution
		HideSolutionNode = FALSE
	EndGlobalSection
	GlobalSection(NestedProjects) = preSolution
		{97D9FFD1-1ED9-439C-887A-6CDD647F1A37} = {722B5753-6417-477F-B643-FA987E9B936B}
		{E7AA37EC-20C2-4142-97CE-58451B654687} = {722B5753-6417-477F-B643-FA987E9B936B}
		{04E5BBCA-6121-4B2C-9FD5-718CC9703D99} = {722B5753-6417-477F-B643-FA987E9B936B}
		{35ECE919-519A-4D0B-9A48-7524A85A837C} = {19BF75B7-1D28-4339-85D6-90BB651EEFD4}
		{E0D8FF53-B92C-49F2-A949-48F2FA42D2D7} = {19BF75B7-1D28-4339-85D6-90BB651EEFD4}
		{914BC62B-BEBE-41AF-90CA-8E1B11E167B2} = {19BF75B7-1D28-4339-85D6-90BB651EEFD4}
		{698474A2-2E3B-40F2-8D19-539956CA30E8} = {1C6CDA68-91CC-4C43-8C37-3DCAE7D49842}
		{30DDF477-D999-4389-807C-D9C7E811BC53} = {1C6CDA68-91CC-4C43-8C37-3DCAE7D49842}
		{CC6B21BB-34DD-4F3C-967F-A912B10A9861} = {1C6CDA68-91CC-4C43-8C37-3DCAE7D49842}
		{D600491A-9C0D-40ED-ADDE-322E99F45340} = {B8D0F604-3861-4211-BE87-C19D3C870FC0}
		{3AB08748-9542-477F-9BB3-F3A0E5653F93} = {B8D0F604-3861-4211-BE87-C19D3C870FC0}
		{A464C96E-D063-4932-92FF-C07F68EB7EE6} = {B8D0F604-3861-4211-BE87-C19D3C870FC0}
		{AE10141B-B94F-4BBC-AB8E-25E7E3E96D90} = {74FFF71E-E70F-42BA-8E74-1E01521A945F}
		{870B3014-7A81-415F-8AD4-44F3C1A648CF} = {74FFF71E-E70F-42BA-8E74-1E01521A945F}
		{EA620DFA-3F79-4573-90E3-09F2E157137E} = {74FFF71E-E70F-42BA-8E74-1E01521A945F}
		{47FCBBCC-255A-4DF9-AF54-F95DDD662BC0} = {422E6A4B-5D47-4348-BBC2-BB4FEEEA43B5}
		{36C22BA1-1337-4C97-BD9B-F692FAA10BFA} = {422E6A4B-5D47-4348-BBC2-BB4FEEEA43B5}
		{BEC3CD86-A752-472E-8BB9-5819271A3F11} = {422E6A4B-5D47-4348-BBC2-BB4FEEEA43B5}
		{C69A660E-588F-402A-A53A-61E39FD52DC1} = {BE3F7CC7-D7C2-43C9-962A-012900F8A6E9}
		{65CCAFB9-C908-42AE-984D-D5B4A20C0A36} = {BE3F7CC7-D7C2-43C9-962A-012900F8A6E9}
		{1349B351-E435-422E-8BA2-20E23ECF4B8D} = {BE3F7CC7-D7C2-43C9-962A-012900F8A6E9}
	EndGlobalSection
	GlobalSection(ExtensibilityGlobals) = postSolution
		SolutionGuid = {6DAC0F28-7158-490D-B187-3C0122F7D180}
	EndGlobalSection
EndGlobal
